
Microsoft Visual Studio Solution File, Format Version 12.00
# Visual Studio 15
VisualStudioVersion = 15.0.26403.7
MinimumVisualStudioVersion = 10.0.40219.1
Project("{FAE04EC0-301F-11D3-BF4B-00C04F79EFBC}") = "FolderExplorer", "FolderExplorer\FolderExplorer.csproj", "{79A5F42E-20B7-4091-8934-E418FDF59A0C}"
EndProject
Project("{FAE04EC0-301F-11D3-BF4B-00C04F79EFBC}") = "Controls", "Controls\Controls.csproj", "{AE33A42B-0307-43D1-BF0E-AE95D866BDBF}"
EndProject
Global
	GlobalSection(SolutionConfigurationPlatforms) = preSolution
		Debug|Any CPU = Debug|Any CPU
		Release|Any CPU = Release|Any CPU
	EndGlobalSection
	GlobalSection(ProjectConfigurationPlatforms) = postSolution
		{79A5F42E-20B7-4091-8934-E418FDF59A0C}.Debug|Any CPU.ActiveCfg = Debug|Any CPU
		{79A5F42E-20B7-4091-8934-E418FDF59A0C}.Debug|Any CPU.Build.0 = Debug|Any CPU
		{79A5F42E-20B7-4091-8934-E418FDF59A0C}.Release|Any CPU.ActiveCfg = Release|Any CPU
		{79A5F42E-20B7-4091-8934-E418FDF59A0C}.Release|Any CPU.Build.0 = Release|Any CPU
		{AE33A42B-0307-43D1-BF0E-AE95D866BDBF}.Debug|Any CPU.ActiveCfg = Debug|Any CPU
		{AE33A42B-0307-43D1-BF0E-AE95D866BDBF}.Debug|Any CPU.Build.0 = Debug|Any CPU
		{AE33A42B-0307-43D1-BF0E-AE95D866BDBF}.Release|Any CPU.ActiveCfg = Release|Any CPU
		{AE33A42B-0307-43D1-BF0E-AE95D866BDBF}.Release|Any CPU.Build.0 = Release|Any CPU
	EndGlobalSection
	GlobalSection(SolutionProperties) = preSolution
		HideSolutionNode = FALSE
	EndGlobalSection
EndGlobal
